<?xml version="1.0" encoding="utf-8"?>
<Project ToolsVersion="4.0" xmlns="http://schemas.microsoft.com/developer/msbuild/2003">
  <ItemGroup>
    <Filter Include="Source Files">
      <UniqueIdentifier>{4FC737F1-C7A5-4376-A066-2A32D752A2FF}</UniqueIdentifier>
      <Extensions>cpp;c;cc;cxx;def;odl;idl;hpj;bat;asm;asmx</Extensions>
    </Filter>
    <Filter Include="Header Files">
      <UniqueIdentifier>{93995380-89BD-4b04-88EB-625FBE52EBFB}</UniqueIdentifier>
      <Extensions>h;hh;hpp;hxx;hm;inl;inc;xsd</Extensions>
    </Filter>
    <Filter Include="Resource Files">
      <UniqueIdentifier>{67DA6AB6-F800-4c08-8B7A-83BB121AAD01}</UniqueIdentifier>
      <Extensions>rc;ico;cur;bmp;dlg;rc2;rct;bin;rgs;gif;jpg;jpeg;jpe;resx;tiff;tif;png;wav;mfcribbon-ms</Extensions>
    </Filter>
    <Filter Include="Source Files\Components">
      <UniqueIdentifier>{d331f565-1e12-432a-9e9a-088140ec461e}</UniqueIdentifier>
    </Filter>
    <Filter Include="Header Files\Components">
      <UniqueIdentifier>{1d451b46-3c0c-45a4-8990-3f6f77653eb9}</UniqueIdentifier>
    </Filter>
    <Filter Include="Source Files\Actor">
      <UniqueIdentifier>{3e0c2224-a586-438f-9558-8273fcead487}</UniqueIdentifier>
    </Filter>
    <Filter Include="Header Files\Actor">
      <UniqueIdentifier>{60ef666b-1cd6-4309-b0a9-733a8cb80dc4}</UniqueIdentifier>
    </Filter>
    <Filter Include="Source Files\Scene">
      <UniqueIdentifier>{6ffa6f5b-9f36-463a-895f-14abbefa48c2}</UniqueIdentifier>
    </Filter>
    <Filter Include="Header Files\Scene">
      <UniqueIdentifier>{6997b6c5-dcf9-44e2-b202-be383974fac6}</UniqueIdentifier>
    </Filter>
    <Filter Include="Header Files\Core">
      <UniqueIdentifier>{6e178c3d-dabb-4a02-a577-f95808654385}</UniqueIdentifier>
    </Filter>
    <Filter Include="Header Files\World">
      <UniqueIdentifier>{1aa9009c-15b7-4468-b0b4-4cf5f3add5e8}</UniqueIdentifier>
    </Filter>
    <Filter Include="Source Files\Core">
      <UniqueIdentifier>{9a7be79e-6def-4f2f-b818-b36f3f5c4012}</UniqueIdentifier>
    </Filter>
    <Filter Include="Source Files\World">
      <UniqueIdentifier>{81b534f9-f40b-457b-aec7-2e2defff2955}</UniqueIdentifier>
    </Filter>
    <Filter Include="Header Files\Asset">
      <UniqueIdentifier>{9c53d078-bdc6-47ce-a6c5-54807a7aa4a2}</UniqueIdentifier>
    </Filter>
    <Filter Include="Header Files\Asset\AssetFactory">
      <UniqueIdentifier>{fd647e22-6dd7-49e9-a5b4-f8ea0945d5a9}</UniqueIdentifier>
    </Filter>
    <Filter Include="Header Files\Asset\AssetManager">
      <UniqueIdentifier>{2c349d7a-9b6e-4d2c-ad4f-ba25d26ad280}</UniqueIdentifier>
    </Filter>
    <Filter Include="Source Files\Asset">
      <UniqueIdentifier>{c4925811-5d60-43bf-aed6-889e20a672d0}</UniqueIdentifier>
    </Filter>
    <Filter Include="Source Files\Asset\AssetFactory">
      <UniqueIdentifier>{7fdd8cb7-c551-468d-acda-9cbbb234589a}</UniqueIdentifier>
    </Filter>
    <Filter Include="Source Files\Asset\AssetManager">
      <UniqueIdentifier>{079666cb-b8a1-44db-9b92-9cc67b112526}</UniqueIdentifier>
    </Filter>
  </ItemGroup>
  <ItemGroup>
    <ClCompile Include="Main.cpp">
      <Filter>Source Files</Filter>
    </ClCompile>
    <ClCompile Include="Component.cpp">
      <Filter>Source Files\Components</Filter>
    </ClCompile>
    <ClCompile Include="Actor.cpp">
      <Filter>Source Files\Actor</Filter>
    </ClCompile>
    <ClCompile Include="RenderableComponent.cpp">
      <Filter>Source Files\Components</Filter>
    </ClCompile>
    <ClCompile Include="TransformComponent.cpp">
      <Filter>Source Files\Components</Filter>
    </ClCompile>
    <ClCompile Include="AnimatedSpriteComponent.cpp">
      <Filter>Source Files\Components</Filter>
    </ClCompile>
    <ClCompile Include="SoldierActor.cpp">
      <Filter>Source Files\Actor</Filter>
    </ClCompile>
    <ClCompile Include="Scene.cpp">
      <Filter>Source Files\Scene</Filter>
    </ClCompile>
    <ClCompile Include="Application.cpp">
      <Filter>Source Files\Core</Filter>
    </ClCompile>
    <ClCompile Include="BasicApp.cpp">
      <Filter>Source Files\Core</Filter>
    </ClCompile>
    <ClCompile Include="DefaultScene.cpp">
      <Filter>Source Files\Core</Filter>
    </ClCompile>
    <ClCompile Include="EventManager.cpp">
      <Filter>Source Files\Core</Filter>
    </ClCompile>
    <ClCompile Include="File.cpp">
      <Filter>Source Files\Core</Filter>
    </ClCompile>
    <ClCompile Include="FrameRateTimer.cpp">
      <Filter>Source Files\Core</Filter>
    </ClCompile>
    <ClCompile Include="InputManager.cpp">
      <Filter>Source Files\Core</Filter>
    </ClCompile>
    <ClCompile Include="Log.cpp">
      <Filter>Source Files\Core</Filter>
    </ClCompile>
    <ClCompile Include="RenderingSystem.cpp">
      <Filter>Source Files\Core</Filter>
    </ClCompile>
    <ClCompile Include="Timer.cpp">
      <Filter>Source Files\Core</Filter>
    </ClCompile>
    <ClCompile Include="Window.cpp">
      <Filter>Source Files\Core</Filter>
    </ClCompile>
    <ClCompile Include="SpriteComponent.cpp">
      <Filter>Source Files\Components</Filter>
    </ClCompile>
    <ClCompile Include="World.cpp">
      <Filter>Source Files\World</Filter>
    </ClCompile>
    <ClCompile Include="FileHelper.cpp">
      <Filter>Source Files\Core</Filter>
    </ClCompile>
    <ClCompile Include="TextureAssetFactory.cpp">
      <Filter>Source Files\Asset\AssetFactory</Filter>
    </ClCompile>
    <ClCompile Include="Texture.cpp">
      <Filter>Source Files\Asset</Filter>
    </ClCompile>
    <ClCompile Include="AssetManager.cpp">
      <Filter>Source Files\Asset\AssetManager</Filter>
    </ClCompile>
    <ClCompile Include="AssetFactory.cpp">
      <Filter>Source Files\Asset\AssetFactory</Filter>
    </ClCompile>
    <ClCompile Include="Asset.cpp">
      <Filter>Source Files\Asset</Filter>
    </ClCompile>
    <ClCompile Include="ApplicationAssetManager.cpp">
      <Filter>Source Files\Asset\AssetManager</Filter>
    </ClCompile>
  </ItemGroup>
  <ItemGroup>
    <ClInclude Include="Component.h">
      <Filter>Header Files\Components</Filter>
    </ClInclude>
    <ClInclude Include="Actor.h">
      <Filter>Header Files\Actor</Filter>
    </ClInclude>
    <ClInclude Include="RenderableComponent.h">
      <Filter>Header Files\Components</Filter>
    </ClInclude>
    <ClInclude Include="TransformComponent.h">
      <Filter>Header Files\Components</Filter>
    </ClInclude>
    <ClInclude Include="AnimatedSpriteComponent.h">
      <Filter>Header Files\Components</Filter>
    </ClInclude>
    <ClInclude Include="SoldierActor.h">
      <Filter>Header Files\Actor</Filter>
    </ClInclude>
    <ClInclude Include="Scene.h">
      <Filter>Header Files\Scene</Filter>
    </ClInclude>
    <ClInclude Include="Application.h">
      <Filter>Header Files\Core</Filter>
    </ClInclude>
    <ClInclude Include="DefaultScene.h">
      <Filter>Header Files\Scene</Filter>
    </ClInclude>
    <ClInclude Include="BasicApp.h">
      <Filter>Header Files\Core</Filter>
    </ClInclude>
    <ClInclude Include="EventManager.h">
      <Filter>Header Files\Core</Filter>
    </ClInclude>
    <ClInclude Include="File.h">
      <Filter>Header Files\Core</Filter>
    </ClInclude>
    <ClInclude Include="FrameRateTimer.h">
      <Filter>Header Files\Core</Filter>
    </ClInclude>
    <ClInclude Include="InputKeys.h">
      <Filter>Header Files\Core</Filter>
    </ClInclude>
    <ClInclude Include="InputManager.h">
      <Filter>Header Files\Core</Filter>
    </ClInclude>
    <ClInclude Include="Intrinsics.h">
      <Filter>Header Files\Core</Filter>
    </ClInclude>
    <ClInclude Include="Log.h">
      <Filter>Header Files\Core</Filter>
    </ClInclude>
    <ClInclude Include="Math.h">
      <Filter>Header Files\Core</Filter>
    </ClInclude>
    <ClInclude Include="PCH.h">
      <Filter>Header Files\Core</Filter>
    </ClInclude>
    <ClInclude Include="RenderingSystem.h">
      <Filter>Header Files\Core</Filter>
    </ClInclude>
    <ClInclude Include="SpriteComponent.h">
      <Filter>Header Files\Components</Filter>
    </ClInclude>
    <ClInclude Include="Timer.h">
      <Filter>Header Files\Core</Filter>
    </ClInclude>
    <ClInclude Include="Window.h">
      <Filter>Header Files\Core</Filter>
    </ClInclude>
    <ClInclude Include="World.h">
      <Filter>Header Files\World</Filter>
    </ClInclude>
    <ClInclude Include="FilePaths.h">
      <Filter>Header Files</Filter>
    </ClInclude>
    <ClInclude Include="FileHelper.h">
      <Filter>Header Files\Core</Filter>
    </ClInclude>
    <ClInclude Include="Asset.h">
      <Filter>Header Files\Asset</Filter>
    </ClInclude>
    <ClInclude Include="Texture.h">
      <Filter>Header Files\Asset</Filter>
    </ClInclude>
    <ClInclude Include="ApplicationAssetManager.h">
      <Filter>Header Files\Asset\AssetManager</Filter>
    </ClInclude>
    <ClInclude Include="TextureAssetFactory.h">
      <Filter>Header Files\Asset\AssetFactory</Filter>
    </ClInclude>
    <ClInclude Include="AssetManager.h">
      <Filter>Header Files\Asset\AssetManager</Filter>
    </ClInclude>
    <ClInclude Include="AssetFactory.h">
      <Filter>Header Files\Asset\AssetFactory</Filter>
    </ClInclude>
  </ItemGroup>
</Project>