<?xml version="1.0" encoding="utf-8"?>
<Project ToolsVersion="4.0" xmlns="http://schemas.microsoft.com/developer/msbuild/2003">
  <ItemGroup>
    <Filter Include="Source Files">
      <UniqueIdentifier>{4FC737F1-C7A5-4376-A066-2A32D752A2FF}</UniqueIdentifier>
      <Extensions>cpp;c;cc;cxx;def;odl;idl;hpj;bat;asm;asmx</Extensions>
    </Filter>
    <Filter Include="Header Files">
      <UniqueIdentifier>{93995380-89BD-4b04-88EB-625FBE52EBFB}</UniqueIdentifier>
      <Extensions>h;hh;hpp;hxx;hm;inl;inc;xsd</Extensions>
    </Filter>
    <Filter Include="Resource Files">
      <UniqueIdentifier>{67DA6AB6-F800-4c08-8B7A-83BB121AAD01}</UniqueIdentifier>
      <Extensions>rc;ico;cur;bmp;dlg;rc2;rct;bin;rgs;gif;jpg;jpeg;jpe;resx;tiff;tif;png;wav;mfcribbon-ms</Extensions>
    </Filter>
    <Filter Include="Source Files\Components">
      <UniqueIdentifier>{d331f565-1e12-432a-9e9a-088140ec461e}</UniqueIdentifier>
    </Filter>
    <Filter Include="Header Files\Components">
      <UniqueIdentifier>{1d451b46-3c0c-45a4-8990-3f6f77653eb9}</UniqueIdentifier>
    </Filter>
    <Filter Include="Source Files\Actor">
      <UniqueIdentifier>{3e0c2224-a586-438f-9558-8273fcead487}</UniqueIdentifier>
    </Filter>
    <Filter Include="Header Files\Actor">
      <UniqueIdentifier>{60ef666b-1cd6-4309-b0a9-733a8cb80dc4}</UniqueIdentifier>
    </Filter>
    <Filter Include="Source Files\Scene">
      <UniqueIdentifier>{6ffa6f5b-9f36-463a-895f-14abbefa48c2}</UniqueIdentifier>
    </Filter>
    <Filter Include="Header Files\Scene">
      <UniqueIdentifier>{6997b6c5-dcf9-44e2-b202-be383974fac6}</UniqueIdentifier>
    </Filter>
    <Filter Include="Header Files\Core">
      <UniqueIdentifier>{6e178c3d-dabb-4a02-a577-f95808654385}</UniqueIdentifier>
    </Filter>
    <Filter Include="Header Files\World">
      <UniqueIdentifier>{1aa9009c-15b7-4468-b0b4-4cf5f3add5e8}</UniqueIdentifier>
    </Filter>
    <Filter Include="Source Files\Core">
      <UniqueIdentifier>{9a7be79e-6def-4f2f-b818-b36f3f5c4012}</UniqueIdentifier>
    </Filter>
    <Filter Include="Source Files\World">
      <UniqueIdentifier>{81b534f9-f40b-457b-aec7-2e2defff2955}</UniqueIdentifier>
    </Filter>
    <Filter Include="Header Files\Memory">
      <UniqueIdentifier>{0f67a0a7-2e7f-4ac1-b8d5-748497266bea}</UniqueIdentifier>
    </Filter>
    <Filter Include="Source Files\Memory">
      <UniqueIdentifier>{bb8494ec-b36f-48b5-b07b-b66b6bcddc18}</UniqueIdentifier>
    </Filter>
    <Filter Include="Source Files\System">
      <UniqueIdentifier>{2d7e0f28-717d-490f-956f-0d1d7fd03de7}</UniqueIdentifier>
    </Filter>
    <Filter Include="Header Files\System">
      <UniqueIdentifier>{a5e655cc-8615-4f84-8bd4-cd2ce8112b2a}</UniqueIdentifier>
    </Filter>
    <Filter Include="Header Files\Asset">
      <UniqueIdentifier>{b0e2d0bf-d35f-4b96-aef0-6e2a3bc95cc0}</UniqueIdentifier>
    </Filter>
    <Filter Include="Source Files\Asset">
      <UniqueIdentifier>{3f4dcc9a-5422-4079-83d5-d72e1bf53b7c}</UniqueIdentifier>
    </Filter>
    <Filter Include="Header Files\Asset\AssetTypes">
      <UniqueIdentifier>{a58cae47-eed4-438a-b749-c1da56b83481}</UniqueIdentifier>
    </Filter>
    <Filter Include="Source Files\Asset\AssetTypes">
      <UniqueIdentifier>{9ada992c-74ec-4e2b-a152-c7ac6a90fb7d}</UniqueIdentifier>
    </Filter>
    <Filter Include="Header Files\Asset\AssetCache">
      <UniqueIdentifier>{acc457e0-6cf9-4641-9c67-3e6ab5ee449a}</UniqueIdentifier>
    </Filter>
    <Filter Include="Header Files\Asset\AssetLoader">
      <UniqueIdentifier>{1f6db986-7325-41a4-9450-ddd64e98b5a4}</UniqueIdentifier>
    </Filter>
    <Filter Include="Source Files\Asset\AssetLoader">
      <UniqueIdentifier>{08595a10-a5f3-4f97-a831-4f42133fd497}</UniqueIdentifier>
    </Filter>
    <Filter Include="Header Files\Asset\AssetPool">
      <UniqueIdentifier>{aae4debe-fd0d-4447-a9b0-d9181d68955e}</UniqueIdentifier>
    </Filter>
    <Filter Include="Source Files\Asset\AssetPool">
      <UniqueIdentifier>{9be1d261-a31c-4e6d-abbb-ff037c4e6d30}</UniqueIdentifier>
    </Filter>
    <Filter Include="Source Files\Asset\AssetCache">
      <UniqueIdentifier>{1e3a0ee0-c142-4b21-8199-e75ba157f218}</UniqueIdentifier>
    </Filter>
  </ItemGroup>
  <ItemGroup>
    <ClCompile Include="Main.cpp">
      <Filter>Source Files</Filter>
    </ClCompile>
    <ClCompile Include="Component.cpp">
      <Filter>Source Files\Components</Filter>
    </ClCompile>
    <ClCompile Include="RenderableComponent.cpp">
      <Filter>Source Files\Components</Filter>
    </ClCompile>
    <ClCompile Include="TransformComponent.cpp">
      <Filter>Source Files\Components</Filter>
    </ClCompile>
    <ClCompile Include="AnimatedSpriteComponent.cpp">
      <Filter>Source Files\Components</Filter>
    </ClCompile>
    <ClCompile Include="Scene.cpp">
      <Filter>Source Files\Scene</Filter>
    </ClCompile>
    <ClCompile Include="Application.cpp">
      <Filter>Source Files\Core</Filter>
    </ClCompile>
    <ClCompile Include="BasicApp.cpp">
      <Filter>Source Files\Core</Filter>
    </ClCompile>
    <ClCompile Include="DefaultScene.cpp">
      <Filter>Source Files\Core</Filter>
    </ClCompile>
    <ClCompile Include="EventManager.cpp">
      <Filter>Source Files\Core</Filter>
    </ClCompile>
    <ClCompile Include="File.cpp">
      <Filter>Source Files\Core</Filter>
    </ClCompile>
    <ClCompile Include="FrameRateTimer.cpp">
      <Filter>Source Files\Core</Filter>
    </ClCompile>
    <ClCompile Include="InputManager.cpp">
      <Filter>Source Files\Core</Filter>
    </ClCompile>
    <ClCompile Include="Log.cpp">
      <Filter>Source Files\Core</Filter>
    </ClCompile>
    <ClCompile Include="RenderingSystem.cpp">
      <Filter>Source Files\Core</Filter>
    </ClCompile>
    <ClCompile Include="Timer.cpp">
      <Filter>Source Files\Core</Filter>
    </ClCompile>
    <ClCompile Include="Window.cpp">
      <Filter>Source Files\Core</Filter>
    </ClCompile>
    <ClCompile Include="SpriteComponent.cpp">
      <Filter>Source Files\Components</Filter>
    </ClCompile>
    <ClCompile Include="World.cpp">
      <Filter>Source Files\World</Filter>
    </ClCompile>
    <ClCompile Include="FileHelper.cpp">
      <Filter>Source Files\Core</Filter>
    </ClCompile>
    <ClCompile Include="Entity.cpp">
      <Filter>Source Files</Filter>
    </ClCompile>
    <ClCompile Include="EntityFactory.cpp">
      <Filter>Source Files</Filter>
    </ClCompile>
    <ClCompile Include="ObjectPool.cpp">
      <Filter>Source Files\Memory</Filter>
    </ClCompile>
    <ClCompile Include="System.cpp">
      <Filter>Source Files\System</Filter>
    </ClCompile>
    <ClCompile Include="Asset.cpp">
      <Filter>Source Files\Asset\AssetTypes</Filter>
    </ClCompile>
    <ClCompile Include="AssetLoader.cpp">
      <Filter>Source Files\Asset\AssetLoader</Filter>
    </ClCompile>
    <ClCompile Include="Texture2DAssetLoader.cpp">
      <Filter>Source Files\Asset\AssetLoader</Filter>
    </ClCompile>
    <ClCompile Include="Texture2D.cpp">
      <Filter>Source Files\Asset\AssetTypes</Filter>
    </ClCompile>
    <ClCompile Include="AssetCache.cpp">
      <Filter>Source Files\Asset\AssetCache</Filter>
    </ClCompile>
    <ClCompile Include="AssetPool.cpp">
      <Filter>Source Files\Asset\AssetPool</Filter>
    </ClCompile>
    <ClCompile Include="AssetCacheCollection.cpp">
      <Filter>Source Files\Asset\AssetCache</Filter>
    </ClCompile>
    <ClCompile Include="AssetMetaDataParser.cpp">
      <Filter>Source Files\Asset</Filter>
    </ClCompile>
    <ClCompile Include="AssetDatabase.cpp">
      <Filter>Source Files\Asset</Filter>
    </ClCompile>
    <ClCompile Include="AssetFileExtensions.cpp">
      <Filter>Source Files\Asset</Filter>
    </ClCompile>
    <ClCompile Include="AssetMetaData.cpp">
      <Filter>Source Files\Asset</Filter>
    </ClCompile>
  </ItemGroup>
  <ItemGroup>
    <ClInclude Include="Component.h">
      <Filter>Header Files\Components</Filter>
    </ClInclude>
    <ClInclude Include="RenderableComponent.h">
      <Filter>Header Files\Components</Filter>
    </ClInclude>
    <ClInclude Include="TransformComponent.h">
      <Filter>Header Files\Components</Filter>
    </ClInclude>
    <ClInclude Include="AnimatedSpriteComponent.h">
      <Filter>Header Files\Components</Filter>
    </ClInclude>
    <ClInclude Include="Scene.h">
      <Filter>Header Files\Scene</Filter>
    </ClInclude>
    <ClInclude Include="Application.h">
      <Filter>Header Files\Core</Filter>
    </ClInclude>
    <ClInclude Include="DefaultScene.h">
      <Filter>Header Files\Scene</Filter>
    </ClInclude>
    <ClInclude Include="BasicApp.h">
      <Filter>Header Files\Core</Filter>
    </ClInclude>
    <ClInclude Include="EventManager.h">
      <Filter>Header Files\Core</Filter>
    </ClInclude>
    <ClInclude Include="File.h">
      <Filter>Header Files\Core</Filter>
    </ClInclude>
    <ClInclude Include="FrameRateTimer.h">
      <Filter>Header Files\Core</Filter>
    </ClInclude>
    <ClInclude Include="InputKeys.h">
      <Filter>Header Files\Core</Filter>
    </ClInclude>
    <ClInclude Include="InputManager.h">
      <Filter>Header Files\Core</Filter>
    </ClInclude>
    <ClInclude Include="Intrinsics.h">
      <Filter>Header Files\Core</Filter>
    </ClInclude>
    <ClInclude Include="Log.h">
      <Filter>Header Files\Core</Filter>
    </ClInclude>
    <ClInclude Include="Math.h">
      <Filter>Header Files\Core</Filter>
    </ClInclude>
    <ClInclude Include="PCH.h">
      <Filter>Header Files\Core</Filter>
    </ClInclude>
    <ClInclude Include="RenderingSystem.h">
      <Filter>Header Files\Core</Filter>
    </ClInclude>
    <ClInclude Include="SpriteComponent.h">
      <Filter>Header Files\Components</Filter>
    </ClInclude>
    <ClInclude Include="Timer.h">
      <Filter>Header Files\Core</Filter>
    </ClInclude>
    <ClInclude Include="Window.h">
      <Filter>Header Files\Core</Filter>
    </ClInclude>
    <ClInclude Include="World.h">
      <Filter>Header Files\World</Filter>
    </ClInclude>
    <ClInclude Include="FileHelper.h">
      <Filter>Header Files\Core</Filter>
    </ClInclude>
    <ClInclude Include="Entity.h">
      <Filter>Header Files</Filter>
    </ClInclude>
    <ClInclude Include="EntityFactory.h">
      <Filter>Header Files</Filter>
    </ClInclude>
    <ClInclude Include="ObjectPool.h">
      <Filter>Header Files\Memory</Filter>
    </ClInclude>
    <ClInclude Include="System.h">
      <Filter>Header Files\System</Filter>
    </ClInclude>
    <ClInclude Include="FilePaths.h">
      <Filter>Header Files\Core</Filter>
    </ClInclude>
    <ClInclude Include="Asset.h">
      <Filter>Header Files\Asset\AssetTypes</Filter>
    </ClInclude>
    <ClInclude Include="AssetLoader.h">
      <Filter>Header Files\Asset\AssetLoader</Filter>
    </ClInclude>
    <ClInclude Include="Texture2D.h">
      <Filter>Header Files\Asset\AssetTypes</Filter>
    </ClInclude>
    <ClInclude Include="Texture2DAssetLoader.h">
      <Filter>Header Files\Asset\AssetLoader</Filter>
    </ClInclude>
    <ClInclude Include="Assertions.h">
      <Filter>Header Files\Core</Filter>
    </ClInclude>
    <ClInclude Include="AssetCache.h">
      <Filter>Header Files\Asset\AssetCache</Filter>
    </ClInclude>
    <ClInclude Include="AssetPool.h">
      <Filter>Header Files\Asset\AssetPool</Filter>
    </ClInclude>
    <ClInclude Include="AssetCacheCollection.h">
      <Filter>Header Files\Asset\AssetCache</Filter>
    </ClInclude>
    <ClInclude Include="AssetFileExtensions.h">
      <Filter>Header Files\Asset</Filter>
    </ClInclude>
    <ClInclude Include="AssetMetaDataParser.h">
      <Filter>Header Files\Asset</Filter>
    </ClInclude>
    <ClInclude Include="AssetDatabase.h">
      <Filter>Header Files\Asset</Filter>
    </ClInclude>
    <ClInclude Include="AssetMetaData.h">
      <Filter>Header Files\Asset</Filter>
    </ClInclude>
  </ItemGroup>
  <ItemGroup>
    <None Include="ClassDiagram.cd" />
  </ItemGroup>
</Project>